
Microsoft Visual Studio Solution File, Format Version 12.00
# Visual Studio Version 17
VisualStudioVersion = 17.4.33213.308
MinimumVisualStudioVersion = 10.0.40219.1
Project("{9A19103F-16F7-4668-BE54-9A1E7A4F7556}") = "EmpolyeeApi", "EmpolyeeApi\EmpolyeeApi.csproj", "{A2516015-8EE6-4FF0-83C3-4AF6043C12F6}"
EndProject
Project("{9A19103F-16F7-4668-BE54-9A1E7A4F7556}") = "EmployeeApi.Models", "EmployeeApi.Models\EmployeeApi.Models.csproj", "{80E1D4F9-9ABB-4C87-8C38-0DC0045D8C1B}"
EndProject
Project("{9A19103F-16F7-4668-BE54-9A1E7A4F7556}") = "EmployeeApi.DataContext", "EmployeeApi.DataContext\EmployeeApi.DataContext.csproj", "{440D02DD-F910-4428-BF05-6676D95E16DB}"
EndProject
Project("{9A19103F-16F7-4668-BE54-9A1E7A4F7556}") = "EmployeeApi.DataAccess", "EmployeeApi.DataAccess\EmployeeApi.DataAccess.csproj", "{A350EDD0-B14C-43F8-A7BF-3FE71180ACCC}"
EndProject
Project("{9A19103F-16F7-4668-BE54-9A1E7A4F7556}") = "EmployeeApi.Services", "EmployeeApi.Services\EmployeeApi.Services.csproj", "{DC13C248-405E-4A91-BBA7-DF0C32D1669E}"
EndProject
Project("{FAE04EC0-301F-11D3-BF4B-00C04F79EFBC}") = "EmployeeApi.Helper", "EmployeeApi.Helper\EmployeeApi.Helper.csproj", "{B424A143-6638-44A2-930B-41E9BDC019EE}"
EndProject
Global
	GlobalSection(SolutionConfigurationPlatforms) = preSolution
		Debug|Any CPU = Debug|Any CPU
		Release|Any CPU = Release|Any CPU
	EndGlobalSection
	GlobalSection(ProjectConfigurationPlatforms) = postSolution
		{A2516015-8EE6-4FF0-83C3-4AF6043C12F6}.Debug|Any CPU.ActiveCfg = Debug|Any CPU
		{A2516015-8EE6-4FF0-83C3-4AF6043C12F6}.Debug|Any CPU.Build.0 = Debug|Any CPU
		{A2516015-8EE6-4FF0-83C3-4AF6043C12F6}.Release|Any CPU.ActiveCfg = Release|Any CPU
		{A2516015-8EE6-4FF0-83C3-4AF6043C12F6}.Release|Any CPU.Build.0 = Release|Any CPU
		{80E1D4F9-9ABB-4C87-8C38-0DC0045D8C1B}.Debug|Any CPU.ActiveCfg = Debug|Any CPU
		{80E1D4F9-9ABB-4C87-8C38-0DC0045D8C1B}.Debug|Any CPU.Build.0 = Debug|Any CPU
		{80E1D4F9-9ABB-4C87-8C38-0DC0045D8C1B}.Release|Any CPU.ActiveCfg = Release|Any CPU
		{80E1D4F9-9ABB-4C87-8C38-0DC0045D8C1B}.Release|Any CPU.Build.0 = Release|Any CPU
		{440D02DD-F910-4428-BF05-6676D95E16DB}.Debug|Any CPU.ActiveCfg = Debug|Any CPU
		{440D02DD-F910-4428-BF05-6676D95E16DB}.Debug|Any CPU.Build.0 = Debug|Any CPU
		{440D02DD-F910-4428-BF05-6676D95E16DB}.Release|Any CPU.ActiveCfg = Release|Any CPU
		{440D02DD-F910-4428-BF05-6676D95E16DB}.Release|Any CPU.Build.0 = Release|Any CPU
		{A350EDD0-B14C-43F8-A7BF-3FE71180ACCC}.Debug|Any CPU.ActiveCfg = Debug|Any CPU
		{A350EDD0-B14C-43F8-A7BF-3FE71180ACCC}.Debug|Any CPU.Build.0 = Debug|Any CPU
		{A350EDD0-B14C-43F8-A7BF-3FE71180ACCC}.Release|Any CPU.ActiveCfg = Release|Any CPU
		{A350EDD0-B14C-43F8-A7BF-3FE71180ACCC}.Release|Any CPU.Build.0 = Release|Any CPU
		{DC13C248-405E-4A91-BBA7-DF0C32D1669E}.Debug|Any CPU.ActiveCfg = Debug|Any CPU
		{DC13C248-405E-4A91-BBA7-DF0C32D1669E}.Debug|Any CPU.Build.0 = Debug|Any CPU
		{DC13C248-405E-4A91-BBA7-DF0C32D1669E}.Release|Any CPU.ActiveCfg = Release|Any CPU
		{DC13C248-405E-4A91-BBA7-DF0C32D1669E}.Release|Any CPU.Build.0 = Release|Any CPU
		{B424A143-6638-44A2-930B-41E9BDC019EE}.Debug|Any CPU.ActiveCfg = Debug|Any CPU
		{B424A143-6638-44A2-930B-41E9BDC019EE}.Debug|Any CPU.Build.0 = Debug|Any CPU
		{B424A143-6638-44A2-930B-41E9BDC019EE}.Release|Any CPU.ActiveCfg = Release|Any CPU
		{B424A143-6638-44A2-930B-41E9BDC019EE}.Release|Any CPU.Build.0 = Release|Any CPU
	EndGlobalSection
	GlobalSection(SolutionProperties) = preSolution
		HideSolutionNode = FALSE
	EndGlobalSection
	GlobalSection(ExtensibilityGlobals) = postSolution
		SolutionGuid = {315EC25E-9D86-4852-A1B8-99225D00E553}
	EndGlobalSection
EndGlobal
